
Microsoft Visual Studio Solution File, Format Version 12.00
# Visual Studio Version 16
VisualStudioVersion = 16.0.31019.35
MinimumVisualStudioVersion = 10.0.40219.1
Project("{FAE04EC0-301F-11D3-BF4B-00C04F79EFBC}") = "Zap_1", "Zap_1.csproj", "{DAA5C3FE-3030-4E9D-B6E0-48A41D8CC73B}"
EndProject
Global
	GlobalSection(SolutionConfigurationPlatforms) = preSolution
		Debug|Any CPU = Debug|Any CPU
		Release|Any CPU = Release|Any CPU
	EndGlobalSection
	GlobalSection(ProjectConfigurationPlatforms) = postSolution
		{DAA5C3FE-3030-4E9D-B6E0-48A41D8CC73B}.Debug|Any CPU.ActiveCfg = Debug|Any CPU
		{DAA5C3FE-3030-4E9D-B6E0-48A41D8CC73B}.Debug|Any CPU.Build.0 = Debug|Any CPU
		{DAA5C3FE-3030-4E9D-B6E0-48A41D8CC73B}.Release|Any CPU.ActiveCfg = Release|Any CPU
		{DAA5C3FE-3030-4E9D-B6E0-48A41D8CC73B}.Release|Any CPU.Build.0 = Release|Any CPU
	EndGlobalSection
	GlobalSection(SolutionProperties) = preSolution
		HideSolutionNode = FALSE
	EndGlobalSection
	GlobalSection(ExtensibilityGlobals) = postSolution
		SolutionGuid = {BB6238C6-5206-4080-A8C7-0485BAE4522E}
	EndGlobalSection
EndGlobal
